
Microsoft Visual Studio Solution File, Format Version 12.00
# Visual Studio Version 17
VisualStudioVersion = 17.3.32819.101
MinimumVisualStudioVersion = 10.0.40219.1
Project("{FAE04EC0-301F-11D3-BF4B-00C04F79EFBC}") = "PeopleApp", "PeopleApp\PeopleApp.csproj", "{9E696655-B99A-4C23-81A7-8DB912B501A7}"
EndProject
Project("{FAE04EC0-301F-11D3-BF4B-00C04F79EFBC}") = "DataAccessLibrary", "DataAccessLibrary\DataAccessLibrary.csproj", "{EA2F7A9A-68DD-4686-BF4F-6BA3ED9AD95B}"
EndProject
Global
	GlobalSection(SolutionConfigurationPlatforms) = preSolution
		Debug|Any CPU = Debug|Any CPU
		Release|Any CPU = Release|Any CPU
	EndGlobalSection
	GlobalSection(ProjectConfigurationPlatforms) = postSolution
		{9E696655-B99A-4C23-81A7-8DB912B501A7}.Debug|Any CPU.ActiveCfg = Debug|Any CPU
		{9E696655-B99A-4C23-81A7-8DB912B501A7}.Debug|Any CPU.Build.0 = Debug|Any CPU
		{9E696655-B99A-4C23-81A7-8DB912B501A7}.Release|Any CPU.ActiveCfg = Release|Any CPU
		{9E696655-B99A-4C23-81A7-8DB912B501A7}.Release|Any CPU.Build.0 = Release|Any CPU
		{EA2F7A9A-68DD-4686-BF4F-6BA3ED9AD95B}.Debug|Any CPU.ActiveCfg = Debug|Any CPU
		{EA2F7A9A-68DD-4686-BF4F-6BA3ED9AD95B}.Debug|Any CPU.Build.0 = Debug|Any CPU
		{EA2F7A9A-68DD-4686-BF4F-6BA3ED9AD95B}.Release|Any CPU.ActiveCfg = Release|Any CPU
		{EA2F7A9A-68DD-4686-BF4F-6BA3ED9AD95B}.Release|Any CPU.Build.0 = Release|Any CPU
	EndGlobalSection
	GlobalSection(SolutionProperties) = preSolution
		HideSolutionNode = FALSE
	EndGlobalSection
	GlobalSection(ExtensibilityGlobals) = postSolution
		SolutionGuid = {9D816C2F-3378-4784-BDAA-62342F44EC3D}
	EndGlobalSection
EndGlobal
